
Microsoft Visual Studio Solution File, Format Version 12.00
# Visual Studio Version 16
VisualStudioVersion = 16.0.31410.357
MinimumVisualStudioVersion = 10.0.40219.1
Project("{FAE04EC0-301F-11D3-BF4B-00C04F79EFBC}") = "Toolkit", "Toolkit\Toolkit.csproj", "{FC887F98-0270-49C0-BD64-0B11F982E7A6}"
EndProject
Global
	GlobalSection(SolutionConfigurationPlatforms) = preSolution
		Debug|Any CPU = Debug|Any CPU
		Release|Any CPU = Release|Any CPU
	EndGlobalSection
	GlobalSection(ProjectConfigurationPlatforms) = postSolution
		{FC887F98-0270-49C0-BD64-0B11F982E7A6}.Debug|Any CPU.ActiveCfg = Debug|Any CPU
		{FC887F98-0270-49C0-BD64-0B11F982E7A6}.Debug|Any CPU.Build.0 = Debug|Any CPU
		{FC887F98-0270-49C0-BD64-0B11F982E7A6}.Release|Any CPU.ActiveCfg = Release|Any CPU
		{FC887F98-0270-49C0-BD64-0B11F982E7A6}.Release|Any CPU.Build.0 = Release|Any CPU
	EndGlobalSection
	GlobalSection(SolutionProperties) = preSolution
		HideSolutionNode = FALSE
	EndGlobalSection
	GlobalSection(ExtensibilityGlobals) = postSolution
		SolutionGuid = {AB91AE0F-BC64-4A9B-B0C6-9003BF5FD7C8}
	EndGlobalSection
EndGlobal
